
Microsoft Visual Studio Solution File, Format Version 12.00
# Visual Studio Version 17
VisualStudioVersion = 17.0.32126.317
MinimumVisualStudioVersion = 10.0.40219.1
Project("{9A19103F-16F7-4668-BE54-9A1E7A4F7556}") = "WoTConsole", "WoTConsole\WoTConsole.csproj", "{DFDE2424-F1B6-4FB4-A07E-608E33C5CBEA}"
EndProject
Project("{9A19103F-16F7-4668-BE54-9A1E7A4F7556}") = "WoTCore", "WoTCore\WoTCore.csproj", "{C8ACA3CD-DB9E-4963-A7B4-9E1FA308F22F}"
EndProject
Project("{9A19103F-16F7-4668-BE54-9A1E7A4F7556}") = "Server", "Server\Server.csproj", "{9B359672-8DAB-4B20-A05F-C88E4E32ADD8}"
EndProject
Project("{9A19103F-16F7-4668-BE54-9A1E7A4F7556}") = "DefaultMode", "DefaultMode\DefaultMode.csproj", "{DBB05885-EB65-4287-ADE1-423707CF0773}"
EndProject
Project("{9A19103F-16F7-4668-BE54-9A1E7A4F7556}") = "ModesLoader", "ModesLoader\ModesLoader.csproj", "{E51D357F-B8D1-42C7-B8E5-46AEDCBDE5F7}"
EndProject
Project("{9A19103F-16F7-4668-BE54-9A1E7A4F7556}") = "WoTWpfClient", "WoTWpfClient\WoTWpfClient.csproj", "{06942213-DA55-409F-B15E-E4B3E2CD7332}"
EndProject
Project("{9A19103F-16F7-4668-BE54-9A1E7A4F7556}") = "WoTSFMLClient", "WoTSFMLClient\WoTSFMLClient.csproj", "{853D2A4F-9D1D-4818-AA44-DCD7AA55D4C3}"
EndProject
Project("{FAE04EC0-301F-11D3-BF4B-00C04F79EFBC}") = "WoTSFMLCore", "WoTSFMLCore\WoTSFMLCore.csproj", "{05B3C14C-EAE0-43FA-9922-F0EE400BF6BF}"
EndProject
Global
	GlobalSection(SolutionConfigurationPlatforms) = preSolution
		Debug|Any CPU = Debug|Any CPU
		Release|Any CPU = Release|Any CPU
	EndGlobalSection
	GlobalSection(ProjectConfigurationPlatforms) = postSolution
		{DFDE2424-F1B6-4FB4-A07E-608E33C5CBEA}.Debug|Any CPU.ActiveCfg = Debug|Any CPU
		{DFDE2424-F1B6-4FB4-A07E-608E33C5CBEA}.Debug|Any CPU.Build.0 = Debug|Any CPU
		{DFDE2424-F1B6-4FB4-A07E-608E33C5CBEA}.Release|Any CPU.ActiveCfg = Release|Any CPU
		{DFDE2424-F1B6-4FB4-A07E-608E33C5CBEA}.Release|Any CPU.Build.0 = Release|Any CPU
		{C8ACA3CD-DB9E-4963-A7B4-9E1FA308F22F}.Debug|Any CPU.ActiveCfg = Debug|Any CPU
		{C8ACA3CD-DB9E-4963-A7B4-9E1FA308F22F}.Debug|Any CPU.Build.0 = Debug|Any CPU
		{C8ACA3CD-DB9E-4963-A7B4-9E1FA308F22F}.Release|Any CPU.ActiveCfg = Release|Any CPU
		{C8ACA3CD-DB9E-4963-A7B4-9E1FA308F22F}.Release|Any CPU.Build.0 = Release|Any CPU
		{9B359672-8DAB-4B20-A05F-C88E4E32ADD8}.Debug|Any CPU.ActiveCfg = Debug|Any CPU
		{9B359672-8DAB-4B20-A05F-C88E4E32ADD8}.Debug|Any CPU.Build.0 = Debug|Any CPU
		{9B359672-8DAB-4B20-A05F-C88E4E32ADD8}.Release|Any CPU.ActiveCfg = Release|Any CPU
		{9B359672-8DAB-4B20-A05F-C88E4E32ADD8}.Release|Any CPU.Build.0 = Release|Any CPU
		{DBB05885-EB65-4287-ADE1-423707CF0773}.Debug|Any CPU.ActiveCfg = Debug|Any CPU
		{DBB05885-EB65-4287-ADE1-423707CF0773}.Debug|Any CPU.Build.0 = Debug|Any CPU
		{DBB05885-EB65-4287-ADE1-423707CF0773}.Release|Any CPU.ActiveCfg = Release|Any CPU
		{DBB05885-EB65-4287-ADE1-423707CF0773}.Release|Any CPU.Build.0 = Release|Any CPU
		{E51D357F-B8D1-42C7-B8E5-46AEDCBDE5F7}.Debug|Any CPU.ActiveCfg = Debug|Any CPU
		{E51D357F-B8D1-42C7-B8E5-46AEDCBDE5F7}.Debug|Any CPU.Build.0 = Debug|Any CPU
		{E51D357F-B8D1-42C7-B8E5-46AEDCBDE5F7}.Release|Any CPU.ActiveCfg = Release|Any CPU
		{E51D357F-B8D1-42C7-B8E5-46AEDCBDE5F7}.Release|Any CPU.Build.0 = Release|Any CPU
		{06942213-DA55-409F-B15E-E4B3E2CD7332}.Debug|Any CPU.ActiveCfg = Debug|Any CPU
		{06942213-DA55-409F-B15E-E4B3E2CD7332}.Debug|Any CPU.Build.0 = Debug|Any CPU
		{06942213-DA55-409F-B15E-E4B3E2CD7332}.Release|Any CPU.ActiveCfg = Release|Any CPU
		{06942213-DA55-409F-B15E-E4B3E2CD7332}.Release|Any CPU.Build.0 = Release|Any CPU
		{853D2A4F-9D1D-4818-AA44-DCD7AA55D4C3}.Debug|Any CPU.ActiveCfg = Debug|Any CPU
		{853D2A4F-9D1D-4818-AA44-DCD7AA55D4C3}.Debug|Any CPU.Build.0 = Debug|Any CPU
		{853D2A4F-9D1D-4818-AA44-DCD7AA55D4C3}.Release|Any CPU.ActiveCfg = Release|Any CPU
		{853D2A4F-9D1D-4818-AA44-DCD7AA55D4C3}.Release|Any CPU.Build.0 = Release|Any CPU
		{05B3C14C-EAE0-43FA-9922-F0EE400BF6BF}.Debug|Any CPU.ActiveCfg = Debug|Any CPU
		{05B3C14C-EAE0-43FA-9922-F0EE400BF6BF}.Debug|Any CPU.Build.0 = Debug|Any CPU
		{05B3C14C-EAE0-43FA-9922-F0EE400BF6BF}.Release|Any CPU.ActiveCfg = Release|Any CPU
		{05B3C14C-EAE0-43FA-9922-F0EE400BF6BF}.Release|Any CPU.Build.0 = Release|Any CPU
	EndGlobalSection
	GlobalSection(SolutionProperties) = preSolution
		HideSolutionNode = FALSE
	EndGlobalSection
	GlobalSection(ExtensibilityGlobals) = postSolution
		SolutionGuid = {C3D37C5A-47D8-4BCE-869D-FB52B939EC5F}
	EndGlobalSection
EndGlobal
